{
  "requires": true,
  "lockfileVersion": 1,
  "dependencies": {
    "@angular/common": {
      "version": "12.0.2",
      "resolved": "https://registry.npmjs.org/@angular/common/-/common-12.0.2.tgz",
      "integrity": "sha512-KJFtqdIGVrF97iK3zcN9FoQ1fDsc/u4ez1Qtx0HdH21qAuAvK/FYybg4r1G6miXoUJcO8hu9oRddEoiNPkXAew==",
      "requires": {
        "tslib": "^2.1.0"
      }
    },
    "@angular/core": {
      "version": "12.0.2",
      "resolved": "https://registry.npmjs.org/@angular/core/-/core-12.0.2.tgz",
      "integrity": "sha512-RBTl8L2ckSI3n2lo9rmwlUeZAuEd/TWUjoidoxPYWrKfbnFwKX65idCCbWLJivSVIBnPQYvAdC+3k4w40N9AWA==",
      "requires": {
        "tslib": "^2.1.0"
      }
    },
    "@paypal/sdk-constants": {
      "version": "1.0.104",
      "resolved": "https://registry.npmjs.org/@paypal/sdk-constants/-/sdk-constants-1.0.104.tgz",
      "integrity": "sha512-DEB8fhpjWZadJa+EMJUdp5w62l9s75oUG9UjBkEy578E6tw5oJ6qGeKIugcdnT23aht0qz1tQC96O+FuUIrHOQ==",
      "requires": {
        "cross-domain-utils": "^2.0.10",
        "hi-base32": "^0.5.0",
        "zalgo-promise": "^1.0.28"
      }
    },
    "Base64": {
      "version": "1.1.0",
      "resolved": "https://registry.npmjs.org/Base64/-/Base64-1.1.0.tgz",
      "integrity": "sha512-qeacf8dvGpf+XAT27ESHMh7z84uRzj/ua2pQdJg483m3bEXv/kVFtDnMgvf70BQGqzbZhR9t6BmASzKvqfJf3Q=="
    },
    "beaver-logger": {
      "version": "3.0.19",
      "resolved": "https://registry.npmjs.org/beaver-logger/-/beaver-logger-3.0.19.tgz",
      "integrity": "sha512-hfBwPUD8PeE6mFSTtWAYd/wI8AzaoeRGNIpWGZWJGZBLyl7Fb7n6PL33JujUzWKWDsIi9V3HoppqIyM/CeeSnw==",
      "requires": {
        "zalgo-promise": "^1.0.26"
      }
    },
    "belter": {
      "version": "1.0.170",
      "resolved": "https://registry.npmjs.org/belter/-/belter-1.0.170.tgz",
      "integrity": "sha512-UGVb+nSNZglaF+fEEyxbebWTp4fwrb67XqPBTHlwAK0cerBFtdAotqBuCel6FLVBB3Jq6cysZc1lwzkWKoEBsA==",
      "requires": {
        "cross-domain-safe-weakmap": "^1",
        "cross-domain-utils": "^2",
        "zalgo-promise": "^1"
      }
    },
    "bowser": {
      "version": "1.9.4",
      "resolved": "https://registry.npmjs.org/bowser/-/bowser-1.9.4.tgz",
      "integrity": "sha512-9IdMmj2KjigRq6oWhmwv1W36pDuA4STQZ8q6YO9um+x07xgYNCD3Oou+WP/3L1HNz7iqythGet3/p4wvc8AAwQ=="
    },
    "cross-domain-safe-weakmap": {
      "version": "1.0.28",
      "resolved": "https://registry.npmjs.org/cross-domain-safe-weakmap/-/cross-domain-safe-weakmap-1.0.28.tgz",
      "integrity": "sha512-gfQiQYSdWr9cYFVpmzp+b6MyTnefefDHr+fvm+JVv20hQxetV5J6chZOAusrpM/kFpTTbVDnHCziBFaREvgc0Q==",
      "requires": {
        "cross-domain-utils": "^2.0.0"
      }
    },
    "cross-domain-utils": {
      "version": "2.0.34",
      "resolved": "https://registry.npmjs.org/cross-domain-utils/-/cross-domain-utils-2.0.34.tgz",
      "integrity": "sha512-ke4PirGRXwEElEmE/7k5aCvCW+EqbgseT7AOObzFfaVnOLuEVN9SjVWoOfS/qAT0rDPn3ggmNDW6mguMBy4HgA==",
      "requires": {
        "zalgo-promise": "^1.0.11"
      }
    },
    "form-serialize": {
      "version": "0.7.2",
      "resolved": "https://registry.npmjs.org/form-serialize/-/form-serialize-0.7.2.tgz",
      "integrity": "sha1-sKL/DCICb7bT0VydM/beakMuRzI="
    },
    "hi-base32": {
      "version": "0.5.1",
      "resolved": "https://registry.npmjs.org/hi-base32/-/hi-base32-0.5.1.tgz",
      "integrity": "sha512-EmBBpvdYh/4XxsnUybsPag6VikPYnN30td+vQk+GI3qpahVEG9+gTkG0aXVxTjBqQ5T6ijbWIu77O+C5WFWsnA=="
    },
    "ngx-paypal": {
      "version": "7.0.0",
      "resolved": "https://registry.npmjs.org/ngx-paypal/-/ngx-paypal-7.0.0.tgz",
      "integrity": "sha512-5kiqJbqZh7ETZy5xGTkbbgey/Oj0oViLZZgpWLPT1H23SoKK5ph+cgAj8orIdZLhHmlOpN60qpuP4lpF+OGx6g==",
      "requires": {
        "tslib": "^2.0.0"
      }
    },
    "paypal-checkout": {
      "version": "4.0.328",
      "resolved": "https://registry.npmjs.org/paypal-checkout/-/paypal-checkout-4.0.328.tgz",
      "integrity": "sha512-IZ76b2CjBuAitY2apEBHzeWSGOO8FVUeCdeRivyZN2uiSVwRZKP5MNpsy74XysXNb/pRNBjd4mJbKw76/pNrpA==",
      "requires": {
        "@paypal/sdk-constants": "^1.0.64",
        "Base64": "^1.0.0",
        "beaver-logger": "^3.0.6",
        "belter": "^1.0.96",
        "bowser": "^1.7.1",
        "cross-domain-utils": "^2.0.1",
        "form-serialize": "^0.7.2",
        "hi-base32": "^0.5.0",
        "post-robot": "^8.0.0",
        "zalgo-promise": "^1.0.10",
        "zoid": "^6.0.67"
      }
    },
    "post-robot": {
      "version": "8.0.31",
      "resolved": "https://registry.npmjs.org/post-robot/-/post-robot-8.0.31.tgz",
      "integrity": "sha512-nUhtKgtmcgyuPm4RnIhUB3gsDYJBHOgFry3TvOxhIHpgfwYY/T69d4oB90tw4YUllFZUUwqLEv1Wgyg6eOoJ7A==",
      "requires": {
        "cross-domain-safe-weakmap": "^1.0.1",
        "cross-domain-utils": "^2.0.0",
        "zalgo-promise": "^1.0.3"
      }
    },
    "rxjs": {
      "version": "7.1.0",
      "resolved": "https://registry.npmjs.org/rxjs/-/rxjs-7.1.0.tgz",
      "integrity": "sha512-gCFO5iHIbRPwznl6hAYuwNFld8W4S2shtSJIqG27ReWXo9IWrCyEICxUA+6vJHwSR/OakoenC4QsDxq50tzYmw==",
      "requires": {
        "tslib": "~2.1.0"
      },
      "dependencies": {
        "tslib": {
          "version": "2.1.0",
          "resolved": "https://registry.npmjs.org/tslib/-/tslib-2.1.0.tgz",
          "integrity": "sha512-hcVC3wYEziELGGmEEXue7D75zbwIIVUMWAVbHItGPx0ziyXxrOMQx4rQEVEV45Ut/1IotuEvwqPopzIOkDMf0A=="
        }
      }
    },
    "tslib": {
      "version": "2.2.0",
      "resolved": "https://registry.npmjs.org/tslib/-/tslib-2.2.0.tgz",
      "integrity": "sha512-gS9GVHRU+RGn5KQM2rllAlR3dU6m7AcpJKdtH8gFvQiC4Otgk98XnmMU+nZenHt/+VhnBPWwgrJsyrdcw6i23w=="
    },
    "xcomponent": {
      "version": "6.0.68",
      "resolved": "https://registry.npmjs.org/xcomponent/-/xcomponent-6.0.68.tgz",
      "integrity": "sha512-VJcTqAhyN2jDlESMx+zcZuOMP8rTAkUN6Fzb9hz+n7kFPMLftmBZQX6eMaZ+TorqwmRBp9XvC6b2xd5QeJ5LnQ==",
      "requires": {
        "beaver-logger": "^3.0.17",
        "cross-domain-safe-weakmap": "^1.0.22",
        "cross-domain-utils": "^2.0.16",
        "hi-base32": "^0.5.0",
        "post-robot": "^8.0.29",
        "zalgo-promise": "^1.0.34"
      }
    },
    "zalgo-promise": {
      "version": "1.0.46",
      "resolved": "https://registry.npmjs.org/zalgo-promise/-/zalgo-promise-1.0.46.tgz",
      "integrity": "sha512-tzPpQRqaQQavxl17TY98nznvmr+judUg3My7ugsUcRDbdqisYOE2z79HNNDgXnyX3eA0mf2bMOJrqHptt00npg=="
    },
    "zoid": {
      "version": "6.0.80",
      "resolved": "https://registry.npmjs.org/zoid/-/zoid-6.0.80.tgz",
      "integrity": "sha512-6hulO+7+lwnfFbC7XbJwzSIyp2tP2gteHpmdQeDjMtsx/cI1YzrhZQ5ZGl0VEofv/jQB9RZh/+gf8S3wC5U7ow==",
      "requires": {
        "beaver-logger": "^3.0.17",
        "belter": "^1.0.77",
        "cross-domain-safe-weakmap": "^1.0.22",
        "cross-domain-utils": "^2.0.16",
        "hi-base32": "^0.5.0",
        "post-robot": "^8.0.29",
        "zalgo-promise": "^1.0.34"
      }
    }
  }
}
